// !$*UTF8*$!
{
	archiveVersion = 1;
	classes = {
	};
	objectVersion = 46;
	objects = {

/* Begin PBXBuildFile section */
		426415C71BF635C100AA3478 /* AppDelegate.swift in Sources */ = {isa = PBXBuildFile; fileRef = 426415C61BF635C100AA3478 /* AppDelegate.swift */; };
		426415CA1BF635C100AA3478 /* MyLog.xcdatamodeld in Sources */ = {isa = PBXBuildFile; fileRef = 426415C81BF635C100AA3478 /* MyLog.xcdatamodeld */; };
		426415CC1BF635C100AA3478 /* ViewController.swift in Sources */ = {isa = PBXBuildFile; fileRef = 426415CB1BF635C100AA3478 /* ViewController.swift */; };
		426415CF1BF635C100AA3478 /* Main.storyboard in Resources */ = {isa = PBXBuildFile; fileRef = 426415CD1BF635C100AA3478 /* Main.storyboard */; };
		426415D11BF635C100AA3478 /* Images.xcassets in Resources */ = {isa = PBXBuildFile; fileRef = 426415D01BF635C100AA3478 /* Images.xcassets */; };
		426415D41BF635C100AA3478 /* LaunchScreen.xib in Resources */ = {isa = PBXBuildFile; fileRef = 426415D21BF635C100AA3478 /* LaunchScreen.xib */; };
		426415E01BF635C100AA3478 /* MyLogTests.swift in Sources */ = {isa = PBXBuildFile; fileRef = 426415DF1BF635C100AA3478 /* MyLogTests.swift */; };
		426415EA1BF639C500AA3478 /* LogItem.swift in Sources */ = {isa = PBXBuildFile; fileRef = 426415E91BF639C500AA3478 /* LogItem.swift */; };
/* End PBXBuildFile section */

/* Begin PBXContainerItemProxy section */
		426415DA1BF635C100AA3478 /* PBXContainerItemProxy */ = {
			isa = PBXContainerItemProxy;
			containerPortal = 426415B91BF635C100AA3478 /* Project object */;
			proxyType = 1;
			remoteGlobalIDString = 426415C01BF635C100AA3478;
			remoteInfo = MyLog;
		};
/* End PBXContainerItemProxy section */

/* Begin PBXFileReference section */
		426415C11BF635C100AA3478 /* MyLog.app */ = {isa = PBXFileReference; explicitFileType = wrapper.application; includeInIndex = 0; path = MyLog.app; sourceTree = BUILT_PRODUCTS_DIR; };
		426415C51BF635C100AA3478 /* Info.plist */ = {isa = PBXFileReference; lastKnownFileType = text.plist.xml; path = Info.plist; sourceTree = "<group>"; };
		426415C61BF635C100AA3478 /* AppDelegate.swift */ = {isa = PBXFileReference; lastKnownFileType = sourcecode.swift; path = AppDelegate.swift; sourceTree = "<group>"; };
		426415C91BF635C100AA3478 /* MyLog.xcdatamodel */ = {isa = PBXFileReference; lastKnownFileType = wrapper.xcdatamodel; path = MyLog.xcdatamodel; sourceTree = "<group>"; };
		426415CB1BF635C100AA3478 /* ViewController.swift */ = {isa = PBXFileReference; lastKnownFileType = sourcecode.swift; path = ViewController.swift; sourceTree = "<group>"; };
		426415CE1BF635C100AA3478 /* Base */ = {isa = PBXFileReference; lastKnownFileType = file.storyboard; name = Base; path = Base.lproj/Main.storyboard; sourceTree = "<group>"; };
		426415D01BF635C100AA3478 /* Images.xcassets */ = {isa = PBXFileReference; lastKnownFileType = folder.assetcatalog; path = Images.xcassets; sourceTree = "<group>"; };
		426415D31BF635C100AA3478 /* Base */ = {isa = PBXFileReference; lastKnownFileType = file.xib; name = Base; path = Base.lproj/LaunchScreen.xib; sourceTree = "<group>"; };
		426415D91BF635C100AA3478 /* MyLogTests.xctest */ = {isa = PBXFileReference; explicitFileType = wrapper.cfbundle; includeInIndex = 0; path = MyLogTests.xctest; sourceTree = BUILT_PRODUCTS_DIR; };
		426415DE1BF635C100AA3478 /* Info.plist */ = {isa = PBXFileReference; lastKnownFileType = text.plist.xml; path = Info.plist; sourceTree = "<group>"; };
		426415DF1BF635C100AA3478 /* MyLogTests.swift */ = {isa = PBXFileReference; lastKnownFileType = sourcecode.swift; path = MyLogTests.swift; sourceTree = "<group>"; };
		426415E91BF639C500AA3478 /* LogItem.swift */ = {isa = PBXFileReference; fileEncoding = 4; lastKnownFileType = sourcecode.swift; path = LogItem.swift; sourceTree = "<group>"; };
/* End PBXFileReference section */

/* Begin PBXFrameworksBuildPhase section */
		426415BE1BF635C100AA3478 /* Frameworks */ = {
			isa = PBXFrameworksBuildPhase;
			buildActionMask = 2147483647;
			files = (
			);
			runOnlyForDeploymentPostprocessing = 0;
		};
		426415D61BF635C100AA3478 /* Frameworks */ = {
			isa = PBXFrameworksBuildPhase;
			buildActionMask = 2147483647;
			files = (
			);
			runOnlyForDeploymentPostprocessing = 0;
		};
/* End PBXFrameworksBuildPhase section */

/* Begin PBXGroup section */
		426415B81BF635C100AA3478 = {
			isa = PBXGroup;
			children = (
				426415C31BF635C100AA3478 /* MyLog */,
				426415DC1BF635C100AA3478 /* MyLogTests */,
				426415C21BF635C100AA3478 /* Products */,
			);
			sourceTree = "<group>";
		};
		426415C21BF635C100AA3478 /* Products */ = {
			isa = PBXGroup;
			children = (
				426415C11BF635C100AA3478 /* MyLog.app */,
				426415D91BF635C100AA3478 /* MyLogTests.xctest */,
			);
			name = Products;
			sourceTree = "<group>";
		};
		426415C31BF635C100AA3478 /* MyLog */ = {
			isa = PBXGroup;
			children = (
				426415C61BF635C100AA3478 /* AppDelegate.swift */,
				426415CB1BF635C100AA3478 /* ViewController.swift */,
				426415E91BF639C500AA3478 /* LogItem.swift */,
				426415CD1BF635C100AA3478 /* Main.storyboard */,
				426415D01BF635C100AA3478 /* Images.xcassets */,
				426415D21BF635C100AA3478 /* LaunchScreen.xib */,
				426415C81BF635C100AA3478 /* MyLog.xcdatamodeld */,
				426415C41BF635C100AA3478 /* Supporting Files */,
			);
			path = MyLog;
			sourceTree = "<group>";
		};
		426415C41BF635C100AA3478 /* Supporting Files */ = {
			isa = PBXGroup;
			children = (
				426415C51BF635C100AA3478 /* Info.plist */,
			);
			name = "Supporting Files";
			sourceTree = "<group>";
		};
		426415DC1BF635C100AA3478 /* MyLogTests */ = {
			isa = PBXGroup;
			children = (
				426415DF1BF635C100AA3478 /* MyLogTests.swift */,
				426415DD1BF635C100AA3478 /* Supporting Files */,
			);
			path = MyLogTests;
			sourceTree = "<group>";
		};
		426415DD1BF635C100AA3478 /* Supporting Files */ = {
			isa = PBXGroup;
			children = (
				426415DE1BF635C100AA3478 /* Info.plist */,
			);
			name = "Supporting Files";
			sourceTree = "<group>";
		};
/* End PBXGroup section */

/* Begin PBXNativeTarget section */
		426415C01BF635C100AA3478 /* MyLog */ = {
			isa = PBXNativeTarget;
			buildConfigurationList = 426415E31BF635C100AA3478 /* Build configuration list for PBXNativeTarget "MyLog" */;
			buildPhases = (
				426415BD1BF635C100AA3478 /* Sources */,
				426415BE1BF635C100AA3478 /* Frameworks */,
				426415BF1BF635C100AA3478 /* Resources */,
			);
			buildRules = (
			);
			dependencies = (
			);
			name = MyLog;
			productName = MyLog;
			productReference = 426415C11BF635C100AA3478 /* MyLog.app */;
			productType = "com.apple.product-type.application";
		};
		426415D81BF635C100AA3478 /* MyLogTests */ = {
			isa = PBXNativeTarget;
			buildConfigurationList = 426415E61BF635C100AA3478 /* Build configuration list for PBXNativeTarget "MyLogTests" */;
			buildPhases = (
				426415D51BF635C100AA3478 /* Sources */,
				426415D61BF635C100AA3478 /* Frameworks */,
				426415D71BF635C100AA3478 /* Resources */,
			);
			buildRules = (
			);
			dependencies = (
				426415DB1BF635C100AA3478 /* PBXTargetDependency */,
			);
			name = MyLogTests;
			productName = MyLogTests;
			productReference = 426415D91BF635C100AA3478 /* MyLogTests.xctest */;
			productType = "com.apple.product-type.bundle.unit-test";
		};
/* End PBXNativeTarget section */

/* Begin PBXProject section */
		426415B91BF635C100AA3478 /* Project object */ = {
			isa = PBXProject;
			attributes = {
				LastUpgradeCheck = 0640;
				ORGANIZATIONNAME = "___AbeRodriguez___";
				TargetAttributes = {
					426415C01BF635C100AA3478 = {
						CreatedOnToolsVersion = 6.4;
					};
					426415D81BF635C100AA3478 = {
						CreatedOnToolsVersion = 6.4;
						TestTargetID = 426415C01BF635C100AA3478;
					};
				};
			};
			buildConfigurationList = 426415BC1BF635C100AA3478 /* Build configuration list for PBXProject "MyLog" */;
			compatibilityVersion = "Xcode 3.2";
			developmentRegion = English;
			hasScannedForEncodings = 0;
			knownRegions = (
				en,
				Base,
			);
			mainGroup = 426415B81BF635C100AA3478;
			productRefGroup = 426415C21BF635C100AA3478 /* Products */;
			projectDirPath = "";
			projectRoot = "";
			targets = (
				426415C01BF635C100AA3478 /* MyLog */,
				426415D81BF635C100AA3478 /* MyLogTests */,
			);
		};
/* End PBXProject section */

/* Begin PBXResourcesBuildPhase section */
		426415BF1BF635C100AA3478 /* Resources */ = {
			isa = PBXResourcesBuildPhase;
			buildActionMask = 2147483647;
			files = (
				426415CF1BF635C100AA3478 /* Main.storyboard in Resources */,
				426415D41BF635C100AA3478 /* LaunchScreen.xib in Resources */,
				426415D11BF635C100AA3478 /* Images.xcassets in Resources */,
			);
			runOnlyForDeploymentPostprocessing = 0;
		};
		426415D71BF635C100AA3478 /* Resources */ = {
			isa = PBXResourcesBuildPhase;
			buildActionMask = 2147483647;
			files = (
			);
			runOnlyForDeploymentPostprocessing = 0;
		};
/* End PBXResourcesBuildPhase section */

/* Begin PBXSourcesBuildPhase section */
		426415BD1BF635C100AA3478 /* Sources */ = {
			isa = PBXSourcesBuildPhase;
			buildActionMask = 2147483647;
			files = (
				426415CC1BF635C100AA3478 /* ViewController.swift in Sources */,
				426415EA1BF639C500AA3478 /* LogItem.swift in Sources */,
				426415CA1BF635C100AA3478 /* MyLog.xcdatamodeld in Sources */,
				426415C71BF635C100AA3478 /* AppDelegate.swift in Sources */,
			);
			runOnlyForDeploymentPostprocessing = 0;
		};
		426415D51BF635C100AA3478 /* Sources */ = {
			isa = PBXSourcesBuildPhase;
			buildActionMask = 2147483647;
			files = (
				426415E01BF635C100AA3478 /* MyLogTests.swift in Sources */,
			);
			runOnlyForDeploymentPostprocessing = 0;
		};
/* End PBXSourcesBuildPhase section */

/* Begin PBXTargetDependency section */
		426415DB1BF635C100AA3478 /* PBXTargetDependency */ = {
			isa = PBXTargetDependency;
			target = 426415C01BF635C100AA3478 /* MyLog */;
			targetProxy = 426415DA1BF635C100AA3478 /* PBXContainerItemProxy */;
		};
/* End PBXTargetDependency section */

/* Begin PBXVariantGroup section */
		426415CD1BF635C100AA3478 /* Main.storyboard */ = {
			isa = PBXVariantGroup;
			children = (
				426415CE1BF635C100AA3478 /* Base */,
			);
			name = Main.storyboard;
			sourceTree = "<group>";
		};
		426415D21BF635C100AA3478 /* LaunchScreen.xib */ = {
			isa = PBXVariantGroup;
			children = (
				426415D31BF635C100AA3478 /* Base */,
			);
			name = LaunchScreen.xib;
			sourceTree = "<group>";
		};
/* End PBXVariantGroup section */

/* Begin XCBuildConfiguration section */
		426415E11BF635C100AA3478 /* Debug */ = {
			isa = XCBuildConfiguration;
			buildSettings = {
				ALWAYS_SEARCH_USER_PATHS = NO;
				CLANG_CXX_LANGUAGE_STANDARD = "gnu++0x";
				CLANG_CXX_LIBRARY = "libc++";
				CLANG_ENABLE_MODULES = YES;
				CLANG_ENABLE_OBJC_ARC = YES;
				CLANG_WARN_BOOL_CONVERSION = YES;
				CLANG_WARN_CONSTANT_CONVERSION = YES;
				CLANG_WARN_DIRECT_OBJC_ISA_USAGE = YES_ERROR;
				CLANG_WARN_EMPTY_BODY = YES;
				CLANG_WARN_ENUM_CONVERSION = YES;
				CLANG_WARN_INT_CONVERSION = YES;
				CLANG_WARN_OBJC_ROOT_CLASS = YES_ERROR;
				CLANG_WARN_UNREACHABLE_CODE = YES;
				CLANG_WARN__DUPLICATE_METHOD_MATCH = YES;
				"CODE_SIGN_IDENTITY[sdk=iphoneos*]" = "iPhone Developer";
				COPY_PHASE_STRIP = NO;
				DEBUG_INFORMATION_FORMAT = "dwarf-with-dsym";
				ENABLE_STRICT_OBJC_MSGSEND = YES;
				GCC_C_LANGUAGE_STANDARD = gnu99;
				GCC_DYNAMIC_NO_PIC = NO;
				GCC_NO_COMMON_BLOCKS = YES;
				GCC_OPTIMIZATION_LEVEL = 0;
				GCC_PREPROCESSOR_DEFINITIONS = (
					"DEBUG=1",
					"$(inherited)",
				);
				GCC_SYMBOLS_PRIVATE_EXTERN = NO;
				GCC_WARN_64_TO_32_BIT_CONVERSION = YES;
				GCC_WARN_ABOUT_RETURN_TYPE = YES_ERROR;
				GCC_WARN_UNDECLARED_SELECTOR = YES;
				GCC_WARN_UNINITIALIZED_AUTOS = YES_AGGRESSIVE;
				GCC_WARN_UNUSED_FUNCTION = YES;
				GCC_WARN_UNUSED_VARIABLE = YES;
				IPHONEOS_DEPLOYMENT_TARGET = 8.4;
				MTL_ENABLE_DEBUG_INFO = YES;
				ONLY_ACTIVE_ARCH = YES;
				SDKROOT = iphoneos;
				SWIFT_OPTIMIZATION_LEVEL = "-Onone";
			};
			name = Debug;
		};
		426415E21BF635C100AA3478 /* Release */ = {
			isa = XCBuildConfiguration;
			buildSettings = {
				ALWAYS_SEARCH_USER_PATHS = NO;
				CLANG_CXX_LANGUAGE_STANDARD = "gnu++0x";
				CLANG_CXX_LIBRARY = "libc++";
				CLANG_ENABLE_MODULES = YES;
				CLANG_ENABLE_OBJC_ARC = YES;
				CLANG_WARN_BOOL_CONVERSION = YES;
				CLANG_WARN_CONSTANT_CONVERSION = YES;
				CLANG_WARN_DIRECT_OBJC_ISA_USAGE = YES_ERROR;
				CLANG_WARN_EMPTY_BODY = YES;
				CLANG_WARN_ENUM_CONVERSION = YES;
				CLANG_WARN_INT_CONVERSION = YES;
				CLANG_WARN_OBJC_ROOT_CLASS = YES_ERROR;
				CLANG_WARN_UNREACHABLE_CODE = YES;
				CLANG_WARN__DUPLICATE_METHOD_MATCH = YES;
				"CODE_SIGN_IDENTITY[sdk=iphoneos*]" = "iPhone Developer";
				COPY_PHASE_STRIP = NO;
				DEBUG_INFORMATION_FORMAT = "dwarf-with-dsym";
				ENABLE_NS_ASSERTIONS = NO;
				ENABLE_STRICT_OBJC_MSGSEND = YES;
				GCC_C_LANGUAGE_STANDARD = gnu99;
				GCC_NO_COMMON_BLOCKS = YES;
				GCC_WARN_64_TO_32_BIT_CONVERSION = YES;
				GCC_WARN_ABOUT_RETURN_TYPE = YES_ERROR;
				GCC_WARN_UNDECLARED_SELECTOR = YES;
				GCC_WARN_UNINITIALIZED_AUTOS = YES_AGGRESSIVE;
				GCC_WARN_UNUSED_FUNCTION = YES;
				GCC_WARN_UNUSED_VARIABLE = YES;
				IPHONEOS_DEPLOYMENT_TARGET = 8.4;
				MTL_ENABLE_DEBUG_INFO = NO;
				SDKROOT = iphoneos;
				VALIDATE_PRODUCT = YES;
			};
			name = Release;
		};
		426415E41BF635C100AA3478 /* Debug */ = {
			isa = XCBuildConfiguration;
			buildSettings = {
				ASSETCATALOG_COMPILER_APPICON_NAME = AppIcon;
				INFOPLIST_FILE = MyLog/Info.plist;
				LD_RUNPATH_SEARCH_PATHS = "$(inherited) @executable_path/Frameworks";
				PRODUCT_NAME = "$(TARGET_NAME)";
			};
			name = Debug;
		};
		426415E51BF635C100AA3478 /* Release */ = {
			isa = XCBuildConfiguration;
			buildSettings = {
				ASSETCATALOG_COMPILER_APPICON_NAME = AppIcon;
				INFOPLIST_FILE = MyLog/Info.plist;
				LD_RUNPATH_SEARCH_PATHS = "$(inherited) @executable_path/Frameworks";
				PRODUCT_NAME = "$(TARGET_NAME)";
			};
			name = Release;
		};
		426415E71BF635C100AA3478 /* Debug */ = {
			isa = XCBuildConfiguration;
			buildSettings = {
				BUNDLE_LOADER = "$(TEST_HOST)";
				FRAMEWORK_SEARCH_PATHS = (
					"$(SDKROOT)/Developer/Library/Frameworks",
					"$(inherited)",
				);
				GCC_PREPROCESSOR_DEFINITIONS = (
					"DEBUG=1",
					"$(inherited)",
				);
				INFOPLIST_FILE = MyLogTests/Info.plist;
				LD_RUNPATH_SEARCH_PATHS = "$(inherited) @executable_path/Frameworks @loader_path/Frameworks";
				PRODUCT_NAME = "$(TARGET_NAME)";
				TEST_HOST = "$(BUILT_PRODUCTS_DIR)/MyLog.app/MyLog";
			};
			name = Debug;
		};
		426415E81BF635C100AA3478 /* Release */ = {
			isa = XCBuildConfiguration;
			buildSettings = {
				BUNDLE_LOADER = "$(TEST_HOST)";
				FRAMEWORK_SEARCH_PATHS = (
					"$(SDKROOT)/Developer/Library/Frameworks",
					"$(inherited)",
				);
				INFOPLIST_FILE = MyLogTests/Info.plist;
				LD_RUNPATH_SEARCH_PATHS = "$(inherited) @executable_path/Frameworks @loader_path/Frameworks";
				PRODUCT_NAME = "$(TARGET_NAME)";
				TEST_HOST = "$(BUILT_PRODUCTS_DIR)/MyLog.app/MyLog";
			};
			name = Release;
		};
/* End XCBuildConfiguration section */

/* Begin XCConfigurationList section */
		426415BC1BF635C100AA3478 /* Build configuration list for PBXProject "MyLog" */ = {
			isa = XCConfigurationList;
			buildConfigurations = (
				426415E11BF635C100AA3478 /* Debug */,
				426415E21BF635C100AA3478 /* Release */,
			);
			defaultConfigurationIsVisible = 0;
			defaultConfigurationName = Release;
		};
		426415E31BF635C100AA3478 /* Build configuration list for PBXNativeTarget "MyLog" */ = {
			isa = XCConfigurationList;
			buildConfigurations = (
				426415E41BF635C100AA3478 /* Debug */,
				426415E51BF635C100AA3478 /* Release */,
			);
			defaultConfigurationIsVisible = 0;
			defaultConfigurationName = Release;
		};
		426415E61BF635C100AA3478 /* Build configuration list for PBXNativeTarget "MyLogTests" */ = {
			isa = XCConfigurationList;
			buildConfigurations = (
				426415E71BF635C100AA3478 /* Debug */,
				426415E81BF635C100AA3478 /* Release */,
			);
			defaultConfigurationIsVisible = 0;
			defaultConfigurationName = Release;
		};
/* End XCConfigurationList section */

/* Begin XCVersionGroup section */
		426415C81BF635C100AA3478 /* MyLog.xcdatamodeld */ = {
			isa = XCVersionGroup;
			children = (
				426415C91BF635C100AA3478 /* MyLog.xcdatamodel */,
			);
			currentVersion = 426415C91BF635C100AA3478 /* MyLog.xcdatamodel */;
			path = MyLog.xcdatamodeld;
			sourceTree = "<group>";
			versionGroupType = wrapper.xcdatamodel;
		};
/* End XCVersionGroup section */
	};
	rootObject = 426415B91BF635C100AA3478 /* Project object */;
}
